// !$*UTF8*$!
{
	archiveVersion = 1;
	classes = {
	};
	objectVersion = 50;
	objects = {

/* Begin PBXBuildFile section */
		8101130A213570DF0098B30B /* AppDelegate.swift in Sources */ = {isa = PBXBuildFile; fileRef = 81011309213570DF0098B30B /* AppDelegate.swift */; };
		8101130F213570DF0098B30B /* Main.storyboard in Resources */ = {isa = PBXBuildFile; fileRef = 8101130D213570DF0098B30B /* Main.storyboard */; };
		81011311213570E00098B30B /* Assets.xcassets in Resources */ = {isa = PBXBuildFile; fileRef = 81011310213570E00098B30B /* Assets.xcassets */; };
		81011314213570E00098B30B /* LaunchScreen.storyboard in Resources */ = {isa = PBXBuildFile; fileRef = 81011312213570E00098B30B /* LaunchScreen.storyboard */; };
		8101131C2135735E0098B30B /* StoriesTableViewController.swift in Sources */ = {isa = PBXBuildFile; fileRef = 8101131B2135735E0098B30B /* StoriesTableViewController.swift */; };
		8101131F213579600098B30B /* CellViewModel.swift in Sources */ = {isa = PBXBuildFile; fileRef = 8101131E213579600098B30B /* CellViewModel.swift */; };
		8101132121357B2C0098B30B /* ListViewModel.swift in Sources */ = {isa = PBXBuildFile; fileRef = 8101132021357B2C0098B30B /* ListViewModel.swift */; };
		810113252136D3580098B30B /* Box.swift in Sources */ = {isa = PBXBuildFile; fileRef = 810113242136D3580098B30B /* Box.swift */; };
/* End PBXBuildFile section */

/* Begin PBXFileReference section */
		81011306213570DF0098B30B /* mvvm test.app */ = {isa = PBXFileReference; explicitFileType = wrapper.application; includeInIndex = 0; path = "mvvm test.app"; sourceTree = BUILT_PRODUCTS_DIR; };
		81011309213570DF0098B30B /* AppDelegate.swift */ = {isa = PBXFileReference; lastKnownFileType = sourcecode.swift; path = AppDelegate.swift; sourceTree = "<group>"; };
		8101130E213570DF0098B30B /* Base */ = {isa = PBXFileReference; lastKnownFileType = file.storyboard; name = Base; path = Base.lproj/Main.storyboard; sourceTree = "<group>"; };
		81011310213570E00098B30B /* Assets.xcassets */ = {isa = PBXFileReference; lastKnownFileType = folder.assetcatalog; path = Assets.xcassets; sourceTree = "<group>"; };
		81011313213570E00098B30B /* Base */ = {isa = PBXFileReference; lastKnownFileType = file.storyboard; name = Base; path = Base.lproj/LaunchScreen.storyboard; sourceTree = "<group>"; };
		81011315213570E00098B30B /* Info.plist */ = {isa = PBXFileReference; lastKnownFileType = text.plist.xml; path = Info.plist; sourceTree = "<group>"; };
		8101131B2135735E0098B30B /* StoriesTableViewController.swift */ = {isa = PBXFileReference; lastKnownFileType = sourcecode.swift; path = StoriesTableViewController.swift; sourceTree = "<group>"; };
		8101131E213579600098B30B /* CellViewModel.swift */ = {isa = PBXFileReference; lastKnownFileType = sourcecode.swift; path = CellViewModel.swift; sourceTree = "<group>"; };
		8101132021357B2C0098B30B /* ListViewModel.swift */ = {isa = PBXFileReference; lastKnownFileType = sourcecode.swift; path = ListViewModel.swift; sourceTree = "<group>"; };
		810113242136D3580098B30B /* Box.swift */ = {isa = PBXFileReference; lastKnownFileType = sourcecode.swift; path = Box.swift; sourceTree = "<group>"; };
/* End PBXFileReference section */

/* Begin PBXFrameworksBuildPhase section */
		81011303213570DF0098B30B /* Frameworks */ = {
			isa = PBXFrameworksBuildPhase;
			buildActionMask = 2147483647;
			files = (
			);
			runOnlyForDeploymentPostprocessing = 0;
		};
/* End PBXFrameworksBuildPhase section */

/* Begin PBXGroup section */
		810112FD213570DE0098B30B = {
			isa = PBXGroup;
			children = (
				81011308213570DF0098B30B /* mvvm test */,
				81011307213570DF0098B30B /* Products */,
			);
			sourceTree = "<group>";
		};
		81011307213570DF0098B30B /* Products */ = {
			isa = PBXGroup;
			children = (
				81011306213570DF0098B30B /* mvvm test.app */,
			);
			name = Products;
			sourceTree = "<group>";
		};
		81011308213570DF0098B30B /* mvvm test */ = {
			isa = PBXGroup;
			children = (
				8101131D213579300098B30B /* models */,
				81011309213570DF0098B30B /* AppDelegate.swift */,
				8101131B2135735E0098B30B /* StoriesTableViewController.swift */,
				8101130D213570DF0098B30B /* Main.storyboard */,
				81011310213570E00098B30B /* Assets.xcassets */,
				81011312213570E00098B30B /* LaunchScreen.storyboard */,
				81011315213570E00098B30B /* Info.plist */,
				810113242136D3580098B30B /* Box.swift */,
			);
			path = "mvvm test";
			sourceTree = "<group>";
		};
		8101131D213579300098B30B /* models */ = {
			isa = PBXGroup;
			children = (
				8101131E213579600098B30B /* CellViewModel.swift */,
				8101132021357B2C0098B30B /* ListViewModel.swift */,
			);
			path = models;
			sourceTree = "<group>";
		};
/* End PBXGroup section */

/* Begin PBXNativeTarget section */
		81011305213570DF0098B30B /* mvvm test */ = {
			isa = PBXNativeTarget;
			buildConfigurationList = 81011318213570E00098B30B /* Build configuration list for PBXNativeTarget "mvvm test" */;
			buildPhases = (
				81011302213570DF0098B30B /* Sources */,
				81011303213570DF0098B30B /* Frameworks */,
				81011304213570DF0098B30B /* Resources */,
			);
			buildRules = (
			);
			dependencies = (
			);
			name = "mvvm test";
			productName = "mvvm test";
			productReference = 81011306213570DF0098B30B /* mvvm test.app */;
			productType = "com.apple.product-type.application";
		};
/* End PBXNativeTarget section */

/* Begin PBXProject section */
		810112FE213570DE0098B30B /* Project object */ = {
			isa = PBXProject;
			attributes = {
				LastSwiftUpdateCheck = 0930;
				LastUpgradeCheck = 0930;
				ORGANIZATIONNAME = "Kadir Gönül";
				TargetAttributes = {
					81011305213570DF0098B30B = {
						CreatedOnToolsVersion = 9.3.1;
					};
				};
			};
			buildConfigurationList = 81011301213570DE0098B30B /* Build configuration list for PBXProject "mvvm test" */;
			compatibilityVersion = "Xcode 9.3";
			developmentRegion = en;
			hasScannedForEncodings = 0;
			knownRegions = (
				en,
				Base,
			);
			mainGroup = 810112FD213570DE0098B30B;
			productRefGroup = 81011307213570DF0098B30B /* Products */;
			projectDirPath = "";
			projectRoot = "";
			targets = (
				81011305213570DF0098B30B /* mvvm test */,
			);
		};
/* End PBXProject section */

/* Begin PBXResourcesBuildPhase section */
		81011304213570DF0098B30B /* Resources */ = {
			isa = PBXResourcesBuildPhase;
			buildActionMask = 2147483647;
			files = (
				81011314213570E00098B30B /* LaunchScreen.storyboard in Resources */,
				81011311213570E00098B30B /* Assets.xcassets in Resources */,
				8101130F213570DF0098B30B /* Main.storyboard in Resources */,
			);
			runOnlyForDeploymentPostprocessing = 0;
		};
/* End PBXResourcesBuildPhase section */

/* Begin PBXSourcesBuildPhase section */
		81011302213570DF0098B30B /* Sources */ = {
			isa = PBXSourcesBuildPhase;
			buildActionMask = 2147483647;
			files = (
				8101131C2135735E0098B30B /* StoriesTableViewController.swift in Sources */,
				8101131F213579600098B30B /* CellViewModel.swift in Sources */,
				8101132121357B2C0098B30B /* ListViewModel.swift in Sources */,
				8101130A213570DF0098B30B /* AppDelegate.swift in Sources */,
				810113252136D3580098B30B /* Box.swift in Sources */,
			);
			runOnlyForDeploymentPostprocessing = 0;
		};
/* End PBXSourcesBuildPhase section */

/* Begin PBXVariantGroup section */
		8101130D213570DF0098B30B /* Main.storyboard */ = {
			isa = PBXVariantGroup;
			children = (
				8101130E213570DF0098B30B /* Base */,
			);
			name = Main.storyboard;
			sourceTree = "<group>";
		};
		81011312213570E00098B30B /* LaunchScreen.storyboard */ = {
			isa = PBXVariantGroup;
			children = (
				81011313213570E00098B30B /* Base */,
			);
			name = LaunchScreen.storyboard;
			sourceTree = "<group>";
		};
/* End PBXVariantGroup section */

/* Begin XCBuildConfiguration section */
		81011316213570E00098B30B /* Debug */ = {
			isa = XCBuildConfiguration;
			buildSettings = {
				ALWAYS_SEARCH_USER_PATHS = NO;
				CLANG_ANALYZER_NONNULL = YES;
				CLANG_ANALYZER_NUMBER_OBJECT_CONVERSION = YES_AGGRESSIVE;
				CLANG_CXX_LANGUAGE_STANDARD = "gnu++14";
				CLANG_CXX_LIBRARY = "libc++";
				CLANG_ENABLE_MODULES = YES;
				CLANG_ENABLE_OBJC_ARC = YES;
				CLANG_ENABLE_OBJC_WEAK = YES;
				CLANG_WARN_BLOCK_CAPTURE_AUTORELEASING = YES;
				CLANG_WARN_BOOL_CONVERSION = YES;
				CLANG_WARN_COMMA = YES;
				CLANG_WARN_CONSTANT_CONVERSION = YES;
				CLANG_WARN_DEPRECATED_OBJC_IMPLEMENTATIONS = YES;
				CLANG_WARN_DIRECT_OBJC_ISA_USAGE = YES_ERROR;
				CLANG_WARN_DOCUMENTATION_COMMENTS = YES;
				CLANG_WARN_EMPTY_BODY = YES;
				CLANG_WARN_ENUM_CONVERSION = YES;
				CLANG_WARN_INFINITE_RECURSION = YES;
				CLANG_WARN_INT_CONVERSION = YES;
				CLANG_WARN_NON_LITERAL_NULL_CONVERSION = YES;
				CLANG_WARN_OBJC_IMPLICIT_RETAIN_SELF = YES;
				CLANG_WARN_OBJC_LITERAL_CONVERSION = YES;
				CLANG_WARN_OBJC_ROOT_CLASS = YES_ERROR;
				CLANG_WARN_RANGE_LOOP_ANALYSIS = YES;
				CLANG_WARN_STRICT_PROTOTYPES = YES;
				CLANG_WARN_SUSPICIOUS_MOVE = YES;
				CLANG_WARN_UNGUARDED_AVAILABILITY = YES_AGGRESSIVE;
				CLANG_WARN_UNREACHABLE_CODE = YES;
				CLANG_WARN__DUPLICATE_METHOD_MATCH = YES;
				CODE_SIGN_IDENTITY = "iPhone Developer";
				COPY_PHASE_STRIP = NO;
				DEBUG_INFORMATION_FORMAT = dwarf;
				ENABLE_STRICT_OBJC_MSGSEND = YES;
				ENABLE_TESTABILITY = YES;
				GCC_C_LANGUAGE_STANDARD = gnu11;
				GCC_DYNAMIC_NO_PIC = NO;
				GCC_NO_COMMON_BLOCKS = YES;
				GCC_OPTIMIZATION_LEVEL = 0;
				GCC_PREPROCESSOR_DEFINITIONS = (
					"DEBUG=1",
					"$(inherited)",
				);
				GCC_WARN_64_TO_32_BIT_CONVERSION = YES;
				GCC_WARN_ABOUT_RETURN_TYPE = YES_ERROR;
				GCC_WARN_UNDECLARED_SELECTOR = YES;
				GCC_WARN_UNINITIALIZED_AUTOS = YES_AGGRESSIVE;
				GCC_WARN_UNUSED_FUNCTION = YES;
				GCC_WARN_UNUSED_VARIABLE = YES;
				IPHONEOS_DEPLOYMENT_TARGET = 11.3;
				MTL_ENABLE_DEBUG_INFO = YES;
				ONLY_ACTIVE_ARCH = YES;
				SDKROOT = iphoneos;
				SWIFT_ACTIVE_COMPILATION_CONDITIONS = DEBUG;
				SWIFT_OPTIMIZATION_LEVEL = "-Onone";
			};
			name = Debug;
		};
		81011317213570E00098B30B /* Release */ = {
			isa = XCBuildConfiguration;
			buildSettings = {
				ALWAYS_SEARCH_USER_PATHS = NO;
				CLANG_ANALYZER_NONNULL = YES;
				CLANG_ANALYZER_NUMBER_OBJECT_CONVERSION = YES_AGGRESSIVE;
				CLANG_CXX_LANGUAGE_STANDARD = "gnu++14";
				CLANG_CXX_LIBRARY = "libc++";
				CLANG_ENABLE_MODULES = YES;
				CLANG_ENABLE_OBJC_ARC = YES;
				CLANG_ENABLE_OBJC_WEAK = YES;
				CLANG_WARN_BLOCK_CAPTURE_AUTORELEASING = YES;
				CLANG_WARN_BOOL_CONVERSION = YES;
				CLANG_WARN_COMMA = YES;
				CLANG_WARN_CONSTANT_CONVERSION = YES;
				CLANG_WARN_DEPRECATED_OBJC_IMPLEMENTATIONS = YES;
				CLANG_WARN_DIRECT_OBJC_ISA_USAGE = YES_ERROR;
				CLANG_WARN_DOCUMENTATION_COMMENTS = YES;
				CLANG_WARN_EMPTY_BODY = YES;
				CLANG_WARN_ENUM_CONVERSION = YES;
				CLANG_WARN_INFINITE_RECURSION = YES;
				CLANG_WARN_INT_CONVERSION = YES;
				CLANG_WARN_NON_LITERAL_NULL_CONVERSION = YES;
				CLANG_WARN_OBJC_IMPLICIT_RETAIN_SELF = YES;
				CLANG_WARN_OBJC_LITERAL_CONVERSION = YES;
				CLANG_WARN_OBJC_ROOT_CLASS = YES_ERROR;
				CLANG_WARN_RANGE_LOOP_ANALYSIS = YES;
				CLANG_WARN_STRICT_PROTOTYPES = YES;
				CLANG_WARN_SUSPICIOUS_MOVE = YES;
				CLANG_WARN_UNGUARDED_AVAILABILITY = YES_AGGRESSIVE;
				CLANG_WARN_UNREACHABLE_CODE = YES;
				CLANG_WARN__DUPLICATE_METHOD_MATCH = YES;
				CODE_SIGN_IDENTITY = "iPhone Developer";
				COPY_PHASE_STRIP = NO;
				DEBUG_INFORMATION_FORMAT = "dwarf-with-dsym";
				ENABLE_NS_ASSERTIONS = NO;
				ENABLE_STRICT_OBJC_MSGSEND = YES;
				GCC_C_LANGUAGE_STANDARD = gnu11;
				GCC_NO_COMMON_BLOCKS = YES;
				GCC_WARN_64_TO_32_BIT_CONVERSION = YES;
				GCC_WARN_ABOUT_RETURN_TYPE = YES_ERROR;
				GCC_WARN_UNDECLARED_SELECTOR = YES;
				GCC_WARN_UNINITIALIZED_AUTOS = YES_AGGRESSIVE;
				GCC_WARN_UNUSED_FUNCTION = YES;
				GCC_WARN_UNUSED_VARIABLE = YES;
				IPHONEOS_DEPLOYMENT_TARGET = 11.3;
				MTL_ENABLE_DEBUG_INFO = NO;
				SDKROOT = iphoneos;
				SWIFT_COMPILATION_MODE = wholemodule;
				SWIFT_OPTIMIZATION_LEVEL = "-O";
				VALIDATE_PRODUCT = YES;
			};
			name = Release;
		};
		81011319213570E00098B30B /* Debug */ = {
			isa = XCBuildConfiguration;
			buildSettings = {
				ASSETCATALOG_COMPILER_APPICON_NAME = AppIcon;
				CODE_SIGN_STYLE = Automatic;
				INFOPLIST_FILE = "mvvm test/Info.plist";
				LD_RUNPATH_SEARCH_PATHS = (
					"$(inherited)",
					"@executable_path/Frameworks",
				);
				PRODUCT_BUNDLE_IDENTIFIER = "widmore.mvvm-test";
				PRODUCT_NAME = "$(TARGET_NAME)";
				SWIFT_VERSION = 4.0;
				TARGETED_DEVICE_FAMILY = "1,2";
			};
			name = Debug;
		};
		8101131A213570E00098B30B /* Release */ = {
			isa = XCBuildConfiguration;
			buildSettings = {
				ASSETCATALOG_COMPILER_APPICON_NAME = AppIcon;
				CODE_SIGN_STYLE = Automatic;
				INFOPLIST_FILE = "mvvm test/Info.plist";
				LD_RUNPATH_SEARCH_PATHS = (
					"$(inherited)",
					"@executable_path/Frameworks",
				);
				PRODUCT_BUNDLE_IDENTIFIER = "widmore.mvvm-test";
				PRODUCT_NAME = "$(TARGET_NAME)";
				SWIFT_VERSION = 4.0;
				TARGETED_DEVICE_FAMILY = "1,2";
			};
			name = Release;
		};
/* End XCBuildConfiguration section */

/* Begin XCConfigurationList section */
		81011301213570DE0098B30B /* Build configuration list for PBXProject "mvvm test" */ = {
			isa = XCConfigurationList;
			buildConfigurations = (
				81011316213570E00098B30B /* Debug */,
				81011317213570E00098B30B /* Release */,
			);
			defaultConfigurationIsVisible = 0;
			defaultConfigurationName = Release;
		};
		81011318213570E00098B30B /* Build configuration list for PBXNativeTarget "mvvm test" */ = {
			isa = XCConfigurationList;
			buildConfigurations = (
				81011319213570E00098B30B /* Debug */,
				8101131A213570E00098B30B /* Release */,
			);
			defaultConfigurationIsVisible = 0;
			defaultConfigurationName = Release;
		};
/* End XCConfigurationList section */
	};
	rootObject = 810112FE213570DE0098B30B /* Project object */;
}
